// !$*UTF8*$!
{
	archiveVersion = 1;
	classes = {
	};
	objectVersion = 48;
	objects = {

/* Begin PBXBuildFile section */
		A14BD0121FEB39670013CFEA /* AppDelegate.swift in Sources */ = {isa = PBXBuildFile; fileRef = A14BD0111FEB39670013CFEA /* AppDelegate.swift */; };
		A14BD0141FEB39670013CFEA /* ViewController.swift in Sources */ = {isa = PBXBuildFile; fileRef = A14BD0131FEB39670013CFEA /* ViewController.swift */; };
		A14BD0171FEB39670013CFEA /* Main.storyboard in Resources */ = {isa = PBXBuildFile; fileRef = A14BD0151FEB39670013CFEA /* Main.storyboard */; };
		A14BD0191FEB39670013CFEA /* Assets.xcassets in Resources */ = {isa = PBXBuildFile; fileRef = A14BD0181FEB39670013CFEA /* Assets.xcassets */; };
		A14BD01C1FEB39670013CFEA /* LaunchScreen.storyboard in Resources */ = {isa = PBXBuildFile; fileRef = A14BD01A1FEB39670013CFEA /* LaunchScreen.storyboard */; };
		A14BD0271FEB39670013CFEA /* NewTodoListAppTests.swift in Sources */ = {isa = PBXBuildFile; fileRef = A14BD0261FEB39670013CFEA /* NewTodoListAppTests.swift */; };
/* End PBXBuildFile section */

/* Begin PBXContainerItemProxy section */
		A14BD0231FEB39670013CFEA /* PBXContainerItemProxy */ = {
			isa = PBXContainerItemProxy;
			containerPortal = A14BD0061FEB39670013CFEA /* Project object */;
			proxyType = 1;
			remoteGlobalIDString = A14BD00D1FEB39670013CFEA;
			remoteInfo = NewTodoListApp;
		};
/* End PBXContainerItemProxy section */

/* Begin PBXFileReference section */
		A14BD00E1FEB39670013CFEA /* NewTodoListApp.app */ = {isa = PBXFileReference; explicitFileType = wrapper.application; includeInIndex = 0; path = NewTodoListApp.app; sourceTree = BUILT_PRODUCTS_DIR; };
		A14BD0111FEB39670013CFEA /* AppDelegate.swift */ = {isa = PBXFileReference; lastKnownFileType = sourcecode.swift; path = AppDelegate.swift; sourceTree = "<group>"; };
		A14BD0131FEB39670013CFEA /* ViewController.swift */ = {isa = PBXFileReference; lastKnownFileType = sourcecode.swift; path = ViewController.swift; sourceTree = "<group>"; };
		A14BD0161FEB39670013CFEA /* Base */ = {isa = PBXFileReference; lastKnownFileType = file.storyboard; name = Base; path = Base.lproj/Main.storyboard; sourceTree = "<group>"; };
		A14BD0181FEB39670013CFEA /* Assets.xcassets */ = {isa = PBXFileReference; lastKnownFileType = folder.assetcatalog; path = Assets.xcassets; sourceTree = "<group>"; };
		A14BD01B1FEB39670013CFEA /* Base */ = {isa = PBXFileReference; lastKnownFileType = file.storyboard; name = Base; path = Base.lproj/LaunchScreen.storyboard; sourceTree = "<group>"; };
		A14BD01D1FEB39670013CFEA /* Info.plist */ = {isa = PBXFileReference; lastKnownFileType = text.plist.xml; path = Info.plist; sourceTree = "<group>"; };
		A14BD0221FEB39670013CFEA /* NewTodoListAppTests.xctest */ = {isa = PBXFileReference; explicitFileType = wrapper.cfbundle; includeInIndex = 0; path = NewTodoListAppTests.xctest; sourceTree = BUILT_PRODUCTS_DIR; };
		A14BD0261FEB39670013CFEA /* NewTodoListAppTests.swift */ = {isa = PBXFileReference; lastKnownFileType = sourcecode.swift; path = NewTodoListAppTests.swift; sourceTree = "<group>"; };
		A14BD0281FEB39670013CFEA /* Info.plist */ = {isa = PBXFileReference; lastKnownFileType = text.plist.xml; path = Info.plist; sourceTree = "<group>"; };
/* End PBXFileReference section */

/* Begin PBXFrameworksBuildPhase section */
		A14BD00B1FEB39670013CFEA /* Frameworks */ = {
			isa = PBXFrameworksBuildPhase;
			buildActionMask = 2147483647;
			files = (
			);
			runOnlyForDeploymentPostprocessing = 0;
		};
		A14BD01F1FEB39670013CFEA /* Frameworks */ = {
			isa = PBXFrameworksBuildPhase;
			buildActionMask = 2147483647;
			files = (
			);
			runOnlyForDeploymentPostprocessing = 0;
		};
/* End PBXFrameworksBuildPhase section */

/* Begin PBXGroup section */
		A14BD0051FEB39670013CFEA = {
			isa = PBXGroup;
			children = (
				A14BD0101FEB39670013CFEA /* NewTodoListApp */,
				A14BD0251FEB39670013CFEA /* NewTodoListAppTests */,
				A14BD00F1FEB39670013CFEA /* Products */,
			);
			sourceTree = "<group>";
		};
		A14BD00F1FEB39670013CFEA /* Products */ = {
			isa = PBXGroup;
			children = (
				A14BD00E1FEB39670013CFEA /* NewTodoListApp.app */,
				A14BD0221FEB39670013CFEA /* NewTodoListAppTests.xctest */,
			);
			name = Products;
			sourceTree = "<group>";
		};
		A14BD0101FEB39670013CFEA /* NewTodoListApp */ = {
			isa = PBXGroup;
			children = (
				A14BD0111FEB39670013CFEA /* AppDelegate.swift */,
				A14BD0131FEB39670013CFEA /* ViewController.swift */,
				A14BD0151FEB39670013CFEA /* Main.storyboard */,
				A14BD0181FEB39670013CFEA /* Assets.xcassets */,
				A14BD01A1FEB39670013CFEA /* LaunchScreen.storyboard */,
				A14BD01D1FEB39670013CFEA /* Info.plist */,
			);
			path = NewTodoListApp;
			sourceTree = "<group>";
		};
		A14BD0251FEB39670013CFEA /* NewTodoListAppTests */ = {
			isa = PBXGroup;
			children = (
				A14BD0261FEB39670013CFEA /* NewTodoListAppTests.swift */,
				A14BD0281FEB39670013CFEA /* Info.plist */,
			);
			path = NewTodoListAppTests;
			sourceTree = "<group>";
		};
/* End PBXGroup section */

/* Begin PBXNativeTarget section */
		A14BD00D1FEB39670013CFEA /* NewTodoListApp */ = {
			isa = PBXNativeTarget;
			buildConfigurationList = A14BD02B1FEB39670013CFEA /* Build configuration list for PBXNativeTarget "NewTodoListApp" */;
			buildPhases = (
				A14BD00A1FEB39670013CFEA /* Sources */,
				A14BD00B1FEB39670013CFEA /* Frameworks */,
				A14BD00C1FEB39670013CFEA /* Resources */,
			);
			buildRules = (
			);
			dependencies = (
			);
			name = NewTodoListApp;
			productName = NewTodoListApp;
			productReference = A14BD00E1FEB39670013CFEA /* NewTodoListApp.app */;
			productType = "com.apple.product-type.application";
		};
		A14BD0211FEB39670013CFEA /* NewTodoListAppTests */ = {
			isa = PBXNativeTarget;
			buildConfigurationList = A14BD02E1FEB39670013CFEA /* Build configuration list for PBXNativeTarget "NewTodoListAppTests" */;
			buildPhases = (
				A14BD01E1FEB39670013CFEA /* Sources */,
				A14BD01F1FEB39670013CFEA /* Frameworks */,
				A14BD0201FEB39670013CFEA /* Resources */,
			);
			buildRules = (
			);
			dependencies = (
				A14BD0241FEB39670013CFEA /* PBXTargetDependency */,
			);
			name = NewTodoListAppTests;
			productName = NewTodoListAppTests;
			productReference = A14BD0221FEB39670013CFEA /* NewTodoListAppTests.xctest */;
			productType = "com.apple.product-type.bundle.unit-test";
		};
/* End PBXNativeTarget section */

/* Begin PBXProject section */
		A14BD0061FEB39670013CFEA /* Project object */ = {
			isa = PBXProject;
			attributes = {
				LastSwiftUpdateCheck = 0920;
				LastUpgradeCheck = 0920;
				ORGANIZATIONNAME = "alaba azeezadefarati";
				TargetAttributes = {
					A14BD00D1FEB39670013CFEA = {
						CreatedOnToolsVersion = 9.2;
						ProvisioningStyle = Automatic;
					};
					A14BD0211FEB39670013CFEA = {
						CreatedOnToolsVersion = 9.2;
						ProvisioningStyle = Automatic;
						TestTargetID = A14BD00D1FEB39670013CFEA;
					};
				};
			};
			buildConfigurationList = A14BD0091FEB39670013CFEA /* Build configuration list for PBXProject "NewTodoListApp" */;
			compatibilityVersion = "Xcode 8.0";
			developmentRegion = en;
			hasScannedForEncodings = 0;
			knownRegions = (
				en,
				Base,
			);
			mainGroup = A14BD0051FEB39670013CFEA;
			productRefGroup = A14BD00F1FEB39670013CFEA /* Products */;
			projectDirPath = "";
			projectRoot = "";
			targets = (
				A14BD00D1FEB39670013CFEA /* NewTodoListApp */,
				A14BD0211FEB39670013CFEA /* NewTodoListAppTests */,
			);
		};
/* End PBXProject section */

/* Begin PBXResourcesBuildPhase section */
		A14BD00C1FEB39670013CFEA /* Resources */ = {
			isa = PBXResourcesBuildPhase;
			buildActionMask = 2147483647;
			files = (
				A14BD01C1FEB39670013CFEA /* LaunchScreen.storyboard in Resources */,
				A14BD0191FEB39670013CFEA /* Assets.xcassets in Resources */,
				A14BD0171FEB39670013CFEA /* Main.storyboard in Resources */,
			);
			runOnlyForDeploymentPostprocessing = 0;
		};
		A14BD0201FEB39670013CFEA /* Resources */ = {
			isa = PBXResourcesBuildPhase;
			buildActionMask = 2147483647;
			files = (
			);
			runOnlyForDeploymentPostprocessing = 0;
		};
/* End PBXResourcesBuildPhase section */

/* Begin PBXSourcesBuildPhase section */
		A14BD00A1FEB39670013CFEA /* Sources */ = {
			isa = PBXSourcesBuildPhase;
			buildActionMask = 2147483647;
			files = (
				A14BD0141FEB39670013CFEA /* ViewController.swift in Sources */,
				A14BD0121FEB39670013CFEA /* AppDelegate.swift in Sources */,
			);
			runOnlyForDeploymentPostprocessing = 0;
		};
		A14BD01E1FEB39670013CFEA /* Sources */ = {
			isa = PBXSourcesBuildPhase;
			buildActionMask = 2147483647;
			files = (
				A14BD0271FEB39670013CFEA /* NewTodoListAppTests.swift in Sources */,
			);
			runOnlyForDeploymentPostprocessing = 0;
		};
/* End PBXSourcesBuildPhase section */

/* Begin PBXTargetDependency section */
		A14BD0241FEB39670013CFEA /* PBXTargetDependency */ = {
			isa = PBXTargetDependency;
			target = A14BD00D1FEB39670013CFEA /* NewTodoListApp */;
			targetProxy = A14BD0231FEB39670013CFEA /* PBXContainerItemProxy */;
		};
/* End PBXTargetDependency section */

/* Begin PBXVariantGroup section */
		A14BD0151FEB39670013CFEA /* Main.storyboard */ = {
			isa = PBXVariantGroup;
			children = (
				A14BD0161FEB39670013CFEA /* Base */,
			);
			name = Main.storyboard;
			sourceTree = "<group>";
		};
		A14BD01A1FEB39670013CFEA /* LaunchScreen.storyboard */ = {
			isa = PBXVariantGroup;
			children = (
				A14BD01B1FEB39670013CFEA /* Base */,
			);
			name = LaunchScreen.storyboard;
			sourceTree = "<group>";
		};
/* End PBXVariantGroup section */

/* Begin XCBuildConfiguration section */
		A14BD0291FEB39670013CFEA /* Debug */ = {
			isa = XCBuildConfiguration;
			buildSettings = {
				ALWAYS_SEARCH_USER_PATHS = NO;
				CLANG_ANALYZER_NONNULL = YES;
				CLANG_ANALYZER_NUMBER_OBJECT_CONVERSION = YES_AGGRESSIVE;
				CLANG_CXX_LANGUAGE_STANDARD = "gnu++14";
				CLANG_CXX_LIBRARY = "libc++";
				CLANG_ENABLE_MODULES = YES;
				CLANG_ENABLE_OBJC_ARC = YES;
				CLANG_WARN_BLOCK_CAPTURE_AUTORELEASING = YES;
				CLANG_WARN_BOOL_CONVERSION = YES;
				CLANG_WARN_COMMA = YES;
				CLANG_WARN_CONSTANT_CONVERSION = YES;
				CLANG_WARN_DIRECT_OBJC_ISA_USAGE = YES_ERROR;
				CLANG_WARN_DOCUMENTATION_COMMENTS = YES;
				CLANG_WARN_EMPTY_BODY = YES;
				CLANG_WARN_ENUM_CONVERSION = YES;
				CLANG_WARN_INFINITE_RECURSION = YES;
				CLANG_WARN_INT_CONVERSION = YES;
				CLANG_WARN_NON_LITERAL_NULL_CONVERSION = YES;
				CLANG_WARN_OBJC_LITERAL_CONVERSION = YES;
				CLANG_WARN_OBJC_ROOT_CLASS = YES_ERROR;
				CLANG_WARN_RANGE_LOOP_ANALYSIS = YES;
				CLANG_WARN_STRICT_PROTOTYPES = YES;
				CLANG_WARN_SUSPICIOUS_MOVE = YES;
				CLANG_WARN_UNGUARDED_AVAILABILITY = YES_AGGRESSIVE;
				CLANG_WARN_UNREACHABLE_CODE = YES;
				CLANG_WARN__DUPLICATE_METHOD_MATCH = YES;
				CODE_SIGN_IDENTITY = "iPhone Developer";
				COPY_PHASE_STRIP = NO;
				DEBUG_INFORMATION_FORMAT = dwarf;
				ENABLE_STRICT_OBJC_MSGSEND = YES;
				ENABLE_TESTABILITY = YES;
				GCC_C_LANGUAGE_STANDARD = gnu11;
				GCC_DYNAMIC_NO_PIC = NO;
				GCC_NO_COMMON_BLOCKS = YES;
				GCC_OPTIMIZATION_LEVEL = 0;
				GCC_PREPROCESSOR_DEFINITIONS = (
					"DEBUG=1",
					"$(inherited)",
				);
				GCC_WARN_64_TO_32_BIT_CONVERSION = YES;
				GCC_WARN_ABOUT_RETURN_TYPE = YES_ERROR;
				GCC_WARN_UNDECLARED_SELECTOR = YES;
				GCC_WARN_UNINITIALIZED_AUTOS = YES_AGGRESSIVE;
				GCC_WARN_UNUSED_FUNCTION = YES;
				GCC_WARN_UNUSED_VARIABLE = YES;
				IPHONEOS_DEPLOYMENT_TARGET = 11.2;
				MTL_ENABLE_DEBUG_INFO = YES;
				ONLY_ACTIVE_ARCH = YES;
				SDKROOT = iphoneos;
				SWIFT_ACTIVE_COMPILATION_CONDITIONS = DEBUG;
				SWIFT_OPTIMIZATION_LEVEL = "-Onone";
			};
			name = Debug;
		};
		A14BD02A1FEB39670013CFEA /* Release */ = {
			isa = XCBuildConfiguration;
			buildSettings = {
				ALWAYS_SEARCH_USER_PATHS = NO;
				CLANG_ANALYZER_NONNULL = YES;
				CLANG_ANALYZER_NUMBER_OBJECT_CONVERSION = YES_AGGRESSIVE;
				CLANG_CXX_LANGUAGE_STANDARD = "gnu++14";
				CLANG_CXX_LIBRARY = "libc++";
				CLANG_ENABLE_MODULES = YES;
				CLANG_ENABLE_OBJC_ARC = YES;
				CLANG_WARN_BLOCK_CAPTURE_AUTORELEASING = YES;
				CLANG_WARN_BOOL_CONVERSION = YES;
				CLANG_WARN_COMMA = YES;
				CLANG_WARN_CONSTANT_CONVERSION = YES;
				CLANG_WARN_DIRECT_OBJC_ISA_USAGE = YES_ERROR;
				CLANG_WARN_DOCUMENTATION_COMMENTS = YES;
				CLANG_WARN_EMPTY_BODY = YES;
				CLANG_WARN_ENUM_CONVERSION = YES;
				CLANG_WARN_INFINITE_RECURSION = YES;
				CLANG_WARN_INT_CONVERSION = YES;
				CLANG_WARN_NON_LITERAL_NULL_CONVERSION = YES;
				CLANG_WARN_OBJC_LITERAL_CONVERSION = YES;
				CLANG_WARN_OBJC_ROOT_CLASS = YES_ERROR;
				CLANG_WARN_RANGE_LOOP_ANALYSIS = YES;
				CLANG_WARN_STRICT_PROTOTYPES = YES;
				CLANG_WARN_SUSPICIOUS_MOVE = YES;
				CLANG_WARN_UNGUARDED_AVAILABILITY = YES_AGGRESSIVE;
				CLANG_WARN_UNREACHABLE_CODE = YES;
				CLANG_WARN__DUPLICATE_METHOD_MATCH = YES;
				CODE_SIGN_IDENTITY = "iPhone Developer";
				COPY_PHASE_STRIP = NO;
				DEBUG_INFORMATION_FORMAT = "dwarf-with-dsym";
				ENABLE_NS_ASSERTIONS = NO;
				ENABLE_STRICT_OBJC_MSGSEND = YES;
				GCC_C_LANGUAGE_STANDARD = gnu11;
				GCC_NO_COMMON_BLOCKS = YES;
				GCC_WARN_64_TO_32_BIT_CONVERSION = YES;
				GCC_WARN_ABOUT_RETURN_TYPE = YES_ERROR;
				GCC_WARN_UNDECLARED_SELECTOR = YES;
				GCC_WARN_UNINITIALIZED_AUTOS = YES_AGGRESSIVE;
				GCC_WARN_UNUSED_FUNCTION = YES;
				GCC_WARN_UNUSED_VARIABLE = YES;
				IPHONEOS_DEPLOYMENT_TARGET = 11.2;
				MTL_ENABLE_DEBUG_INFO = NO;
				SDKROOT = iphoneos;
				SWIFT_OPTIMIZATION_LEVEL = "-Owholemodule";
				VALIDATE_PRODUCT = YES;
			};
			name = Release;
		};
		A14BD02C1FEB39670013CFEA /* Debug */ = {
			isa = XCBuildConfiguration;
			buildSettings = {
				ASSETCATALOG_COMPILER_APPICON_NAME = AppIcon;
				CODE_SIGN_STYLE = Automatic;
				DEVELOPMENT_TEAM = 2BULHRS882;
				INFOPLIST_FILE = NewTodoListApp/Info.plist;
				LD_RUNPATH_SEARCH_PATHS = "$(inherited) @executable_path/Frameworks";
				PRODUCT_BUNDLE_IDENTIFIER = college.NewTodoListApp;
				PRODUCT_NAME = "$(TARGET_NAME)";
				SWIFT_VERSION = 4.0;
				TARGETED_DEVICE_FAMILY = "1,2";
			};
			name = Debug;
		};
		A14BD02D1FEB39670013CFEA /* Release */ = {
			isa = XCBuildConfiguration;
			buildSettings = {
				ASSETCATALOG_COMPILER_APPICON_NAME = AppIcon;
				CODE_SIGN_STYLE = Automatic;
				DEVELOPMENT_TEAM = 2BULHRS882;
				INFOPLIST_FILE = NewTodoListApp/Info.plist;
				LD_RUNPATH_SEARCH_PATHS = "$(inherited) @executable_path/Frameworks";
				PRODUCT_BUNDLE_IDENTIFIER = college.NewTodoListApp;
				PRODUCT_NAME = "$(TARGET_NAME)";
				SWIFT_VERSION = 4.0;
				TARGETED_DEVICE_FAMILY = "1,2";
			};
			name = Release;
		};
		A14BD02F1FEB39670013CFEA /* Debug */ = {
			isa = XCBuildConfiguration;
			buildSettings = {
				ALWAYS_EMBED_SWIFT_STANDARD_LIBRARIES = YES;
				BUNDLE_LOADER = "$(TEST_HOST)";
				CODE_SIGN_STYLE = Automatic;
				DEVELOPMENT_TEAM = 2BULHRS882;
				INFOPLIST_FILE = NewTodoListAppTests/Info.plist;
				LD_RUNPATH_SEARCH_PATHS = "$(inherited) @executable_path/Frameworks @loader_path/Frameworks";
				PRODUCT_BUNDLE_IDENTIFIER = college.NewTodoListAppTests;
				PRODUCT_NAME = "$(TARGET_NAME)";
				SWIFT_VERSION = 4.0;
				TARGETED_DEVICE_FAMILY = "1,2";
				TEST_HOST = "$(BUILT_PRODUCTS_DIR)/NewTodoListApp.app/NewTodoListApp";
			};
			name = Debug;
		};
		A14BD0301FEB39670013CFEA /* Release */ = {
			isa = XCBuildConfiguration;
			buildSettings = {
				ALWAYS_EMBED_SWIFT_STANDARD_LIBRARIES = YES;
				BUNDLE_LOADER = "$(TEST_HOST)";
				CODE_SIGN_STYLE = Automatic;
				DEVELOPMENT_TEAM = 2BULHRS882;
				INFOPLIST_FILE = NewTodoListAppTests/Info.plist;
				LD_RUNPATH_SEARCH_PATHS = "$(inherited) @executable_path/Frameworks @loader_path/Frameworks";
				PRODUCT_BUNDLE_IDENTIFIER = college.NewTodoListAppTests;
				PRODUCT_NAME = "$(TARGET_NAME)";
				SWIFT_VERSION = 4.0;
				TARGETED_DEVICE_FAMILY = "1,2";
				TEST_HOST = "$(BUILT_PRODUCTS_DIR)/NewTodoListApp.app/NewTodoListApp";
			};
			name = Release;
		};
/* End XCBuildConfiguration section */

/* Begin XCConfigurationList section */
		A14BD0091FEB39670013CFEA /* Build configuration list for PBXProject "NewTodoListApp" */ = {
			isa = XCConfigurationList;
			buildConfigurations = (
				A14BD0291FEB39670013CFEA /* Debug */,
				A14BD02A1FEB39670013CFEA /* Release */,
			);
			defaultConfigurationIsVisible = 0;
			defaultConfigurationName = Release;
		};
		A14BD02B1FEB39670013CFEA /* Build configuration list for PBXNativeTarget "NewTodoListApp" */ = {
			isa = XCConfigurationList;
			buildConfigurations = (
				A14BD02C1FEB39670013CFEA /* Debug */,
				A14BD02D1FEB39670013CFEA /* Release */,
			);
			defaultConfigurationIsVisible = 0;
			defaultConfigurationName = Release;
		};
		A14BD02E1FEB39670013CFEA /* Build configuration list for PBXNativeTarget "NewTodoListAppTests" */ = {
			isa = XCConfigurationList;
			buildConfigurations = (
				A14BD02F1FEB39670013CFEA /* Debug */,
				A14BD0301FEB39670013CFEA /* Release */,
			);
			defaultConfigurationIsVisible = 0;
			defaultConfigurationName = Release;
		};
/* End XCConfigurationList section */
	};
	rootObject = A14BD0061FEB39670013CFEA /* Project object */;
}
